
Microsoft Visual Studio Solution File, Format Version 9.00
# Visual Studio 2005
Project("{FAE04EC0-301F-11D3-BF4B-00C04F79EFBC}") = "SafWeb.Model.Usuarios", "SafWeb.Model.Usuarios.csproj", "{CAA54E7E-CD41-4B81-BE1F-FF8DD7F142CA}"
EndProject
Global
	GlobalSection(SolutionConfigurationPlatforms) = preSolution
		Debug|Any CPU = Debug|Any CPU
		Release|Any CPU = Release|Any CPU
	EndGlobalSection
	GlobalSection(ProjectConfigurationPlatforms) = postSolution
		{CAA54E7E-CD41-4B81-BE1F-FF8DD7F142CA}.Debug|Any CPU.ActiveCfg = Debug|Any CPU
		{CAA54E7E-CD41-4B81-BE1F-FF8DD7F142CA}.Debug|Any CPU.Build.0 = Debug|Any CPU
		{CAA54E7E-CD41-4B81-BE1F-FF8DD7F142CA}.Release|Any CPU.ActiveCfg = Release|Any CPU
		{CAA54E7E-CD41-4B81-BE1F-FF8DD7F142CA}.Release|Any CPU.Build.0 = Release|Any CPU
	EndGlobalSection
	GlobalSection(SolutionProperties) = preSolution
		HideSolutionNode = FALSE
	EndGlobalSection
EndGlobal
